
Microsoft Visual Studio Solution File, Format Version 12.00
# Visual Studio Version 17
VisualStudioVersion = 17.13.35825.156 d17.13
MinimumVisualStudioVersion = 10.0.40219.1
Project("{FAE04EC0-301F-11D3-BF4B-00C04F79EFBC}") = "Desafio catálogo de livros na web", "Desafio catálogo de livros na web\Desafio catálogo de livros na web.csproj", "{856C174A-0F6A-434C-8C40-C5C4B91347D2}"
EndProject
Global
	GlobalSection(SolutionConfigurationPlatforms) = preSolution
		Debug|Any CPU = Debug|Any CPU
		Release|Any CPU = Release|Any CPU
	EndGlobalSection
	GlobalSection(ProjectConfigurationPlatforms) = postSolution
		{856C174A-0F6A-434C-8C40-C5C4B91347D2}.Debug|Any CPU.ActiveCfg = Debug|Any CPU
		{856C174A-0F6A-434C-8C40-C5C4B91347D2}.Debug|Any CPU.Build.0 = Debug|Any CPU
		{856C174A-0F6A-434C-8C40-C5C4B91347D2}.Release|Any CPU.ActiveCfg = Release|Any CPU
		{856C174A-0F6A-434C-8C40-C5C4B91347D2}.Release|Any CPU.Build.0 = Release|Any CPU
	EndGlobalSection
	GlobalSection(SolutionProperties) = preSolution
		HideSolutionNode = FALSE
	EndGlobalSection
	GlobalSection(ExtensibilityGlobals) = postSolution
		SolutionGuid = {0803BD3E-0AC0-41EB-8068-1FB5D19D3E71}
	EndGlobalSection
EndGlobal
